
Microsoft Visual Studio Solution File, Format Version 12.00
# Visual Studio Version 16
VisualStudioVersion = 16.0.30011.22
MinimumVisualStudioVersion = 10.0.40219.1
Project("{8BC9CEB8-8B4A-11D0-8D11-00A0C91BC942}") = "TicTacToe", "TicTacToe\TicTacToe.vcxproj", "{D77C4307-C50E-417D-81F8-D4D05990D2D8}"
EndProject
Global
	GlobalSection(SolutionConfigurationPlatforms) = preSolution
		Debug|x64 = Debug|x64
		Debug|x86 = Debug|x86
		Release|x64 = Release|x64
		Release|x86 = Release|x86
	EndGlobalSection
	GlobalSection(ProjectConfigurationPlatforms) = postSolution
		{D77C4307-C50E-417D-81F8-D4D05990D2D8}.Debug|x64.ActiveCfg = Debug|x64
		{D77C4307-C50E-417D-81F8-D4D05990D2D8}.Debug|x64.Build.0 = Debug|x64
		{D77C4307-C50E-417D-81F8-D4D05990D2D8}.Debug|x86.ActiveCfg = Debug|Win32
		{D77C4307-C50E-417D-81F8-D4D05990D2D8}.Debug|x86.Build.0 = Debug|Win32
		{D77C4307-C50E-417D-81F8-D4D05990D2D8}.Release|x64.ActiveCfg = Release|x64
		{D77C4307-C50E-417D-81F8-D4D05990D2D8}.Release|x64.Build.0 = Release|x64
		{D77C4307-C50E-417D-81F8-D4D05990D2D8}.Release|x86.ActiveCfg = Release|Win32
		{D77C4307-C50E-417D-81F8-D4D05990D2D8}.Release|x86.Build.0 = Release|Win32
	EndGlobalSection
	GlobalSection(SolutionProperties) = preSolution
		HideSolutionNode = FALSE
	EndGlobalSection
	GlobalSection(ExtensibilityGlobals) = postSolution
		SolutionGuid = {865AC4FB-1737-4C99-9F99-69E99EDD0962}
	EndGlobalSection
EndGlobal
