
Microsoft Visual Studio Solution File, Format Version 12.00
# Visual Studio 15
VisualStudioVersion = 15.0.28010.2050
MinimumVisualStudioVersion = 10.0.40219.1
Project("{9A19103F-16F7-4668-BE54-9A1E7A4F7556}") = "TicTacToe.NET", "TicTacToe.NET.csproj", "{4CB57A12-73BF-4EF6-BDF4-4AF9359F9E0D}"
EndProject
Global
	GlobalSection(SolutionConfigurationPlatforms) = preSolution
		Debug|Any CPU = Debug|Any CPU
		Release|Any CPU = Release|Any CPU
	EndGlobalSection
	GlobalSection(ProjectConfigurationPlatforms) = postSolution
		{4CB57A12-73BF-4EF6-BDF4-4AF9359F9E0D}.Debug|Any CPU.ActiveCfg = Debug|Any CPU
		{4CB57A12-73BF-4EF6-BDF4-4AF9359F9E0D}.Debug|Any CPU.Build.0 = Debug|Any CPU
		{4CB57A12-73BF-4EF6-BDF4-4AF9359F9E0D}.Release|Any CPU.ActiveCfg = Release|Any CPU
		{4CB57A12-73BF-4EF6-BDF4-4AF9359F9E0D}.Release|Any CPU.Build.0 = Release|Any CPU
	EndGlobalSection
	GlobalSection(SolutionProperties) = preSolution
		HideSolutionNode = FALSE
	EndGlobalSection
	GlobalSection(ExtensibilityGlobals) = postSolution
		SolutionGuid = {FD7905E8-E484-4AA6-AA6F-CDD20D4AF9C9}
	EndGlobalSection
EndGlobal
